Microsoft Visual Studio Solution File, Format Version 12.00
# Visual Studio 15
VisualStudioVersion = 15.0.27130.2010
MinimumVisualStudioVersion = 15.0.26124.0
Project("{9A19103F-16F7-4668-BE54-9A1E7A4F7556}") = "Labange.BLL", "Labange.BLL\Labange.BLL.csproj", "{4049812D-CA20-427C-913E-F85059A11F87}"
EndProject
Project("{9A19103F-16F7-4668-BE54-9A1E7A4F7556}") = "Labange.DAL", "Labange.DAL\Labange.DAL.csproj", "{816A9CC8-BDE4-4844-BC30-EB0A92F3EAA4}"
EndProject
Project("{FAE04EC0-301F-11D3-BF4B-00C04F79EFBC}") = "Labange.PL", "Labange.PL\Labange.PL.csproj", "{3A0E7B86-7C0D-4396-A943-292E3E831897}"
EndProject
Global
	GlobalSection(SolutionConfigurationPlatforms) = preSolution
		Debug|Any CPU = Debug|Any CPU
		Debug|x64 = Debug|x64
		Debug|x86 = Debug|x86
		Release|Any CPU = Release|Any CPU
		Release|x64 = Release|x64
		Release|x86 = Release|x86
	EndGlobalSection
	GlobalSection(ProjectConfigurationPlatforms) = postSolution
		{4049812D-CA20-427C-913E-F85059A11F87}.Debug|Any CPU.ActiveCfg = Debug|Any CPU
		{4049812D-CA20-427C-913E-F85059A11F87}.Debug|Any CPU.Build.0 = Debug|Any CPU
		{4049812D-CA20-427C-913E-F85059A11F87}.Debug|x64.ActiveCfg = Debug|Any CPU
		{4049812D-CA20-427C-913E-F85059A11F87}.Debug|x64.Build.0 = Debug|Any CPU
		{4049812D-CA20-427C-913E-F85059A11F87}.Debug|x86.ActiveCfg = Debug|Any CPU
		{4049812D-CA20-427C-913E-F85059A11F87}.Debug|x86.Build.0 = Debug|Any CPU
		{4049812D-CA20-427C-913E-F85059A11F87}.Release|Any CPU.ActiveCfg = Release|Any CPU
		{4049812D-CA20-427C-913E-F85059A11F87}.Release|Any CPU.Build.0 = Release|Any CPU
		{4049812D-CA20-427C-913E-F85059A11F87}.Release|x64.ActiveCfg = Release|Any CPU
		{4049812D-CA20-427C-913E-F85059A11F87}.Release|x64.Build.0 = Release|Any CPU
		{4049812D-CA20-427C-913E-F85059A11F87}.Release|x86.ActiveCfg = Release|Any CPU
		{4049812D-CA20-427C-913E-F85059A11F87}.Release|x86.Build.0 = Release|Any CPU
		{816A9CC8-BDE4-4844-BC30-EB0A92F3EAA4}.Debug|Any CPU.ActiveCfg = Debug|Any CPU
		{816A9CC8-BDE4-4844-BC30-EB0A92F3EAA4}.Debug|Any CPU.Build.0 = Debug|Any CPU
		{816A9CC8-BDE4-4844-BC30-EB0A92F3EAA4}.Debug|x64.ActiveCfg = Debug|Any CPU
		{816A9CC8-BDE4-4844-BC30-EB0A92F3EAA4}.Debug|x64.Build.0 = Debug|Any CPU
		{816A9CC8-BDE4-4844-BC30-EB0A92F3EAA4}.Debug|x86.ActiveCfg = Debug|Any CPU
		{816A9CC8-BDE4-4844-BC30-EB0A92F3EAA4}.Debug|x86.Build.0 = Debug|Any CPU
		{816A9CC8-BDE4-4844-BC30-EB0A92F3EAA4}.Release|Any CPU.ActiveCfg = Release|Any CPU
		{816A9CC8-BDE4-4844-BC30-EB0A92F3EAA4}.Release|Any CPU.Build.0 = Release|Any CPU
		{816A9CC8-BDE4-4844-BC30-EB0A92F3EAA4}.Release|x64.ActiveCfg = Release|Any CPU
		{816A9CC8-BDE4-4844-BC30-EB0A92F3EAA4}.Release|x64.Build.0 = Release|Any CPU
		{816A9CC8-BDE4-4844-BC30-EB0A92F3EAA4}.Release|x86.ActiveCfg = Release|Any CPU
		{816A9CC8-BDE4-4844-BC30-EB0A92F3EAA4}.Release|x86.Build.0 = Release|Any CPU
		{3A0E7B86-7C0D-4396-A943-292E3E831897}.Debug|Any CPU.ActiveCfg = Debug|Any CPU
		{3A0E7B86-7C0D-4396-A943-292E3E831897}.Debug|Any CPU.Build.0 = Debug|Any CPU
		{3A0E7B86-7C0D-4396-A943-292E3E831897}.Debug|x64.ActiveCfg = Debug|Any CPU
		{3A0E7B86-7C0D-4396-A943-292E3E831897}.Debug|x64.Build.0 = Debug|Any CPU
		{3A0E7B86-7C0D-4396-A943-292E3E831897}.Debug|x86.ActiveCfg = Debug|Any CPU
		{3A0E7B86-7C0D-4396-A943-292E3E831897}.Debug|x86.Build.0 = Debug|Any CPU
		{3A0E7B86-7C0D-4396-A943-292E3E831897}.Release|Any CPU.ActiveCfg = Release|Any CPU
		{3A0E7B86-7C0D-4396-A943-292E3E831897}.Release|Any CPU.Build.0 = Release|Any CPU
		{3A0E7B86-7C0D-4396-A943-292E3E831897}.Release|x64.ActiveCfg = Release|Any CPU
		{3A0E7B86-7C0D-4396-A943-292E3E831897}.Release|x64.Build.0 = Release|Any CPU
		{3A0E7B86-7C0D-4396-A943-292E3E831897}.Release|x86.ActiveCfg = Release|Any CPU
		{3A0E7B86-7C0D-4396-A943-292E3E831897}.Release|x86.Build.0 = Release|Any CPU
	EndGlobalSection
	GlobalSection(SolutionProperties) = preSolution
		HideSolutionNode = FALSE
	EndGlobalSection
	GlobalSection(ExtensibilityGlobals) = postSolution
		SolutionGuid = {59A62F29-B398-4FF4-8DD2-D32E8E206B2E}
	EndGlobalSection
EndGlobal
